lockfileVersion: '9.0'

settings:
  autoInstallPeers: true
  excludeLinksFromLockfile: false

importers:

  .:
    dependencies:
      requireindex:
        specifier: ^1.2.0
        version: 1.2.0
    devDependencies:
      '@eslint/js':
        specifier: ^9.0.0
        version: 9.17.0
      eslint:
        specifier: ^9.0.0
        version: 9.17.0
      eslint-doc-generator:
        specifier: ^1.0.0
        version: 1.7.1(eslint@9.17.0)(typescript@5.7.2)
      eslint-plugin-eslint-plugin:
        specifier: ^6.0.0
        version: 6.4.0(eslint@9.17.0)
      eslint-plugin-n:
        specifier: ^17.0.0
        version: 17.15.0(eslint@9.17.0)
      mocha:
        specifier: ^10.0.0
        version: 10.8.2
      npm-run-all2:
        specifier: ^6.1.2
        version: 6.2.6

packages:

  '@babel/code-frame@7.26.2':
    resolution: {integrity: sha1-S1+rl9MzOO/5FiNQVfDrwh5XOoU=}
    engines: {node: '>=6.9.0'}

  '@babel/helper-validator-identifier@7.25.9':
    resolution: {integrity: sha1-JLZOLD7HzTs8VHcpuNFocfIsvcc=}
    engines: {node: '>=6.9.0'}

  '@eslint-community/eslint-utils@4.4.1':
    resolution: {integrity: sha1-0RRb8sIBMtZABJXW30v1k2L9nVY=}
    engines: {node: ^12.22.0 || ^14.17.0 || >=16.0.0}
    peerDependencies:
      eslint: ^6.0.0 || ^7.0.0 || >=8.0.0

  '@eslint-community/regexpp@4.12.1':
    resolution: {integrity: sha1-z8bP/jnfOQo4Qc3iq8z5Lqp64OA=}
    engines: {node: ^12.0.0 || ^14.0.0 || >=16.0.0}

  '@eslint/config-array@0.19.1':
    resolution: {integrity: sha1-c0quosQL4iu7HyqdrGh8V6akyYQ=}
    engines: {node: ^18.18.0 || ^20.9.0 || >=21.1.0}

  '@eslint/core@0.9.1':
    resolution: {integrity: sha1-MXY4RzCO9rcISkUFVzrJQCxR+dE=}
    engines: {node: ^18.18.0 || ^20.9.0 || >=21.1.0}

  '@eslint/eslintrc@3.2.0':
    resolution: {integrity: sha1-V0cKxOLig6a/dgRNYygRluNwVCw=}
    engines: {node: ^18.18.0 || ^20.9.0 || >=21.1.0}

  '@eslint/js@9.17.0':
    resolution: {integrity: sha1-FSPlhnkfgDdqb4OYo5ZEVezGUew=}
    engines: {node: ^18.18.0 || ^20.9.0 || >=21.1.0}

  '@eslint/object-schema@2.1.5':
    resolution: {integrity: sha1-hnCo9iWKK+WyxiD/MUodmEwj6y4=}
    engines: {node: ^18.18.0 || ^20.9.0 || >=21.1.0}

  '@eslint/plugin-kit@0.2.4':
    resolution: {integrity: sha1-K3jnuzdVeEuxP6qJMqHZlNZTd5I=}
    engines: {node: ^18.18.0 || ^20.9.0 || >=21.1.0}

  '@humanfs/core@0.19.1':
    resolution: {integrity: sha1-F8Vcp9Qmcz/jxWGQa4Fzwza0Cnc=}
    engines: {node: '>=18.18.0'}

  '@humanfs/node@0.16.6':
    resolution: {integrity: sha1-7ioQ6qvRExmHvwSI/ZuCAXTNdl4=}
    engines: {node: '>=18.18.0'}

  '@humanwhocodes/module-importer@1.0.1':
    resolution: {integrity: sha1-r1smkaIrRL6EewyoFkHF+2rQFyw=}
    engines: {node: '>=12.22'}

  '@humanwhocodes/retry@0.3.1':
    resolution: {integrity: sha1-xypcdqn7rzSI4jGxPcUsDae6tCo=}
    engines: {node: '>=18.18'}

  '@humanwhocodes/retry@0.4.1':
    resolution: {integrity: sha1-mpbOUBvGLfRsQDH72XDjzGsQ8Hs=}
    engines: {node: '>=18.18'}

  '@jest/schemas@29.6.3':
    resolution: {integrity: sha1-Qwtc6KTgBEp+OBlmMwWnswkcjgM=}
    engines: {node: ^14.15.0 || ^16.10.0 || >=18.0.0}

  '@nodelib/fs.scandir@2.1.5':
    resolution: {integrity: sha1-dhnC6yGyVIP20WdUi0z9WnSIw9U=}
    engines: {node: '>= 8'}

  '@nodelib/fs.stat@2.0.5':
    resolution: {integrity: sha1-W9Jir5Tp0lvR5xsF3u1Eh2oiLos=}
    engines: {node: '>= 8'}

  '@nodelib/fs.walk@1.2.8':
    resolution: {integrity: sha1-6Vc36LtnRt3t9pxVaVNJTxlv5po=}
    engines: {node: '>= 8'}

  '@sinclair/typebox@0.27.8':
    resolution: {integrity: sha1-Zmf6wWxDa1Q0o4ejTe2wExmPbm4=}

  '@types/estree@1.0.6':
    resolution: {integrity: sha1-Yo7/7q4gZKG055946B2Ht+X8e1A=}

  '@types/json-schema@7.0.15':
    resolution: {integrity: sha1-WWoXRyM2lNUPatinhp/Lb1bPWEE=}

  '@types/semver@7.5.8':
    resolution: {integrity: sha1-gmioxXo+Sr0lwWXs02I323lIpV4=}

  '@typescript-eslint/scope-manager@5.62.0':
    resolution: {integrity: sha1-2UV8zGoLjWs30OslKiMCJHjFRgw=}
    engines: {node: ^12.22.0 || ^14.17.0 || >=16.0.0}

  '@typescript-eslint/types@5.62.0':
    resolution: {integrity: sha1-JYYH5g7/ownwZ2CJMcPfb+1B/S8=}
    engines: {node: ^12.22.0 || ^14.17.0 || >=16.0.0}

  '@typescript-eslint/typescript-estree@5.62.0':
    resolution: {integrity: sha1-fRd5S3f6vKxhXWpI+xQzMNli65s=}
    engines: {node: ^12.22.0 || ^14.17.0 || >=16.0.0}
    peerDependencies:
      typescript: '*'
    peerDependenciesMeta:
      typescript:
        optional: true

  '@typescript-eslint/utils@5.62.0':
    resolution: {integrity: sha1-FB6AnHFjbkp12qOfrtL7X0sQ34Y=}
    engines: {node: ^12.22.0 || ^14.17.0 || >=16.0.0}
    peerDependencies:
      eslint: ^6.0.0 || ^7.0.0 || ^8.0.0

  '@typescript-eslint/visitor-keys@5.62.0':
    resolution: {integrity: sha1-IXQBGRfOWCh1lU/+L2kS1ZMeNT4=}
    engines: {node: ^12.22.0 || ^14.17.0 || >=16.0.0}

  acorn-jsx@5.3.2:
    resolution: {integrity: sha1-ftW7VZCLOy8bxVxq8WU7rafweTc=}
    peerDependencies:
      acorn: ^6.0.0 || ^7.0.0 || ^8.0.0

  acorn@8.14.0:
    resolution: {integrity: sha1-Bj4scMrF+09kZ/CxEVLgTGgnlbA=}
    engines: {node: '>=0.4.0'}
    hasBin: true

  ajv@6.12.6:
    resolution: {integrity: sha1-uvWmLoArB9l3A0WG+MO69a3ybfQ=}

  ajv@8.17.1:
    resolution: {integrity: sha1-N9mlx3ava8ktf0+VEOukwKYNEaY=}

  ansi-colors@4.1.3:
    resolution: {integrity: sha1-N2ETQOsiQ+cMxgTK011jJw1IeBs=}
    engines: {node: '>=6'}

  ansi-regex@5.0.1:
    resolution: {integrity: sha1-CCyyyJyf6GWaMRpTvWpNxTAdswQ=}
    engines: {node: '>=8'}

  ansi-styles@4.3.0:
    resolution: {integrity: sha1-7dgDYornHATIWuegkG7a00tkiTc=}
    engines: {node: '>=8'}

  ansi-styles@5.2.0:
    resolution: {integrity: sha1-B0SWkK1Fd30ZJKwquy/IiV26g2s=}
    engines: {node: '>=10'}

  ansi-styles@6.2.1:
    resolution: {integrity: sha1-DmIyDPmcIa//OzASGSVGqsv7BcU=}
    engines: {node: '>=12'}

  anymatch@3.1.3:
    resolution: {integrity: sha1-eQxYsZuhcgqEIFtXxhjVrYUklz4=}
    engines: {node: '>= 8'}

  argparse@2.0.1:
    resolution: {integrity: sha1-JG9Q88p4oyQPbJl+ipvR6sSeSzg=}

  array-union@2.1.0:
    resolution: {integrity: sha1-t5hCCtvrHego2ErNii4j0+/oXo0=}
    engines: {node: '>=8'}

  balanced-match@1.0.2:
    resolution: {integrity: sha1-6D46fj8wCzTLnYf2FfoMvzV2kO4=}

  binary-extensions@2.3.0:
    resolution: {integrity: sha1-9uFKl4WNMnJSIAJC1Mz+UixEVSI=}
    engines: {node: '>=8'}

  boolean@3.2.0:
    resolution: {integrity: sha1-nlKUr06YMUSUy7F5efpUyhWfEWs=}
    deprecated: Package no longer supported. Contact Support at https://www.npmjs.com/support for more info.

  brace-expansion@1.1.11:
    resolution: {integrity: sha1-PH/L9SnYcibz0vUrlm/1Jx60Qd0=}

  brace-expansion@2.0.1:
    resolution: {integrity: sha1-HtxFng8MVISG7Pn8mfIiE2S5oK4=}

  braces@3.0.3:
    resolution: {integrity: sha1-SQMy9AkZRSJy1VqEgK3AxEE1h4k=}
    engines: {node: '>=8'}

  browser-stdout@1.3.1:
    resolution: {integrity: sha1-uqVZ7hTO1zRSIputcyZGfGH6vWA=}

  callsites@3.1.0:
    resolution: {integrity: sha1-s2MKvYlDQy9Us/BRkjjjPNffL3M=}
    engines: {node: '>=6'}

  camelcase@6.3.0:
    resolution: {integrity: sha1-VoW5XrIJrJwMF3Rnd4ychN9Yupo=}
    engines: {node: '>=10'}

  chalk@4.1.2:
    resolution: {integrity: sha1-qsTit3NKdAhnrrFr8CqtVWoeegE=}
    engines: {node: '>=10'}

  chokidar@3.6.0:
    resolution: {integrity: sha1-GXxsxmnvKo3F57TZfuTgksPrDVs=}
    engines: {node: '>= 8.10.0'}

  cliui@7.0.4:
    resolution: {integrity: sha1-oCZe5lVHb8gHrqnfPfjfd4OAi08=}

  color-convert@2.0.1:
    resolution: {integrity: sha1-ctOmjVmMm9s68q0ehPIdiWq9TeM=}
    engines: {node: '>=7.0.0'}

  color-name@1.1.4:
    resolution: {integrity: sha1-wqCah6y95pVD3m9j+jmVyCbFNqI=}

  commander@10.0.1:
    resolution: {integrity: sha1-iB7ka0930cHczFgjQzqjmwIsvgY=}
    engines: {node: '>=14'}

  concat-map@0.0.1:
    resolution: {integrity: sha1-2Klr13/Wjfd5OnMDajug1UBdR3s=}

  cosmiconfig@8.3.6:
    resolution: {integrity: sha1-Bgorhx1m26bIU46hEYuhrBb1+uM=}
    engines: {node: '>=14'}
    peerDependencies:
      typescript: '>=4.9.5'
    peerDependenciesMeta:
      typescript:
        optional: true

  cross-spawn@7.0.6:
    resolution: {integrity: sha1-ilj+ePANzXDDcEUXWd+/rwPo7p8=}
    engines: {node: '>= 8'}

  debug@4.4.0:
    resolution: {integrity: sha1-Kz8q6i/+t3ZHdGAmc3fchxD6uoo=}
    engines: {node: '>=6.0'}
    peerDependencies:
      supports-color: '*'
    peerDependenciesMeta:
      supports-color:
        optional: true

  decamelize@4.0.0:
    resolution: {integrity: sha1-qkcte/Zg6xXzSU79UxyrfypwmDc=}
    engines: {node: '>=10'}

  deep-is@0.1.4:
    resolution: {integrity: sha1-pvLc5hL63S7x9Rm3NVHxfoUZmDE=}

  deepmerge@4.3.1:
    resolution: {integrity: sha1-RLXyFHzTsA1LVhN2hZZvJv0l3Uo=}
    engines: {node: '>=0.10.0'}

  diff-sequences@29.6.3:
    resolution: {integrity: sha1-Ter4lNEUB8Ue/IQYAS+ecLhOqSE=}
    engines: {node: ^14.15.0 || ^16.10.0 || >=18.0.0}

  diff@5.2.0:
    resolution: {integrity: sha1-Jt7QR80RebeLlTfV73JVA84a5TE=}
    engines: {node: '>=0.3.1'}

  dir-glob@3.0.1:
    resolution: {integrity: sha1-Vtv3PZkqSpO6FYT0U0Bj/S5BcX8=}
    engines: {node: '>=8'}

  dot-prop@7.2.0:
    resolution: {integrity: sha1-RoFyo1KXeYFNIad5wbovbXZgmAk=}
    engines: {node: ^12.20.0 || ^14.13.1 || >=16.0.0}

  emoji-regex@8.0.0:
    resolution: {integrity: sha1-6Bj9ac5cz8tARZT4QpY79TFkzDc=}

  enhanced-resolve@5.18.0:
    resolution: {integrity: sha1-kesdsZOJa5gBJR7v8caYAnix5AQ=}
    engines: {node: '>=10.13.0'}

  error-ex@1.3.2:
    resolution: {integrity: sha1-tKxAZIEH/c3PriQvQovqihTU8b8=}

  escalade@3.2.0:
    resolution: {integrity: sha1-ARo/aYVroYnf+n3I/M6Z0qh5A+U=}
    engines: {node: '>=6'}

  escape-string-regexp@4.0.0:
    resolution: {integrity: sha1-FLqDpdNz49MR5a/KKc9b+tllvzQ=}
    engines: {node: '>=10'}

  eslint-compat-utils@0.5.1:
    resolution: {integrity: sha1-f8krd20YWnDEBw0D/Sb949WWUuQ=}
    engines: {node: '>=12'}
    peerDependencies:
      eslint: '>=6.0.0'

  eslint-doc-generator@1.7.1:
    resolution: {integrity: sha1-x1jIAqI/miGyE02cP1fV5cE8Ouo=}
    engines: {node: ^14.18.0 || ^16.0.0 || >=18.0.0}
    hasBin: true
    peerDependencies:
      eslint: '>= 7'

  eslint-plugin-es-x@7.8.0:
    resolution: {integrity: sha1-ogeqCNo3p5I/KpWZ5tPrc/P5K3Q=}
    engines: {node: ^14.18.0 || >=16.0.0}
    peerDependencies:
      eslint: '>=8'

  eslint-plugin-eslint-plugin@6.4.0:
    resolution: {integrity: sha1-KAgTkx2U4h0CdiJdXotdpPTTUGk=}
    engines: {node: ^18.18.0 || ^20.9.0 || >=21.1.0}
    peerDependencies:
      eslint: '>=8.23.0'

  eslint-plugin-n@17.15.0:
    resolution: {integrity: sha1-xqtjmn13YQhc/wUxN1NBPYmLCH4=}
    engines: {node: ^18.18.0 || ^20.9.0 || >=21.1.0}
    peerDependencies:
      eslint: '>=8.23.0'

  eslint-scope@5.1.1:
    resolution: {integrity: sha1-54blmmbLkrP2wfsNUIqrF0hI9Iw=}
    engines: {node: '>=8.0.0'}

  eslint-scope@8.2.0:
    resolution: {integrity: sha1-N3qm8ctdx1ks/Qt/iS/QzzUs5EI=}
    engines: {node: ^18.18.0 || ^20.9.0 || >=21.1.0}

  eslint-visitor-keys@3.4.3:
    resolution: {integrity: sha1-DNcv6FUOPC6uFWqWpN3c0cisWAA=}
    engines: {node: ^12.22.0 || ^14.17.0 || >=16.0.0}

  eslint-visitor-keys@4.2.0:
    resolution: {integrity: sha1-aHussq+IT83aim59ZcYG9GoUzUU=}
    engines: {node: ^18.18.0 || ^20.9.0 || >=21.1.0}

  eslint@9.17.0:
    resolution: {integrity: sha1-+qH6y13QQhcv3FIBBphLXCQhuww=}
    engines: {node: ^18.18.0 || ^20.9.0 || >=21.1.0}
    hasBin: true
    peerDependencies:
      jiti: '*'
    peerDependenciesMeta:
      jiti:
        optional: true

  espree@10.3.0:
    resolution: {integrity: sha1-KSZ89bDLmHNbZeZLoH4O1J0e7Yo=}
    engines: {node: ^18.18.0 || ^20.9.0 || >=21.1.0}

  esquery@1.6.0:
    resolution: {integrity: sha1-kUGSNPgE2FKoLc7sPhbNwiz52uc=}
    engines: {node: '>=0.10'}

  esrecurse@4.3.0:
    resolution: {integrity: sha1-eteWTWeauyi+5yzsY3WLHF0smSE=}
    engines: {node: '>=4.0'}

  estraverse@4.3.0:
    resolution: {integrity: sha1-OYrT88WiSUi+dyXoPRGn3ijNvR0=}
    engines: {node: '>=4.0'}

  estraverse@5.3.0:
    resolution: {integrity: sha1-LupSkHAvJquP5TcDcP+GyWXSESM=}
    engines: {node: '>=4.0'}

  esutils@2.0.3:
    resolution: {integrity: sha1-dNLrTeC42hKTcRkQ1Qd1ubcQ72Q=}
    engines: {node: '>=0.10.0'}

  fast-deep-equal@3.1.3:
    resolution: {integrity: sha1-On1WtVnWy8PrUSMlJE5hmmXGxSU=}

  fast-glob@3.3.2:
    resolution: {integrity: sha1-qQRQHlfP3S/83tRemaVP71XkYSk=}
    engines: {node: '>=8.6.0'}

  fast-json-stable-stringify@2.1.0:
    resolution: {integrity: sha1-h0v2nG9ATCtdmcSBNBOZ/VWJJjM=}

  fast-levenshtein@2.0.6:
    resolution: {integrity: sha1-PYpcZog6FqMMqGQ+hR8Zuqd5eRc=}

  fast-uri@3.0.3:
    resolution: {integrity: sha1-iSockYAtXXhg3nKPGGCKBXMUIkE=}

  fastq@1.18.0:
    resolution: {integrity: sha1-1jHX4l+v/qgYh/5eqMkBDhs2/uA=}

  file-entry-cache@8.0.0:
    resolution: {integrity: sha1-d4e93PETG/+5JjbGlFe7wO3W2B8=}
    engines: {node: '>=16.0.0'}

  fill-range@7.1.1:
    resolution: {integrity: sha1-RCZdPKwH4+p9wkdRY4BkN1SgUpI=}
    engines: {node: '>=8'}

  find-up@5.0.0:
    resolution: {integrity: sha1-TJKBnstwg1YeT0okCoa+UZj1Nvw=}
    engines: {node: '>=10'}

  flat-cache@4.0.1:
    resolution: {integrity: sha1-Ds45/LFO4BL0sEEL0z3ZwfAREnw=}
    engines: {node: '>=16'}

  flat@5.0.2:
    resolution: {integrity: sha1-jKb+MyBp/6nTJMMnGYxZglnOskE=}
    hasBin: true

  flatted@3.3.2:
    resolution: {integrity: sha1-rboUSKmEG+xytCxTLqI9u+3vGic=}

  fs.realpath@1.0.0:
    resolution: {integrity: sha1-FQStJSMVjKpA20onh8sBQRmU6k8=}

  fsevents@2.3.3:
    resolution: {integrity: sha1-ysZAd4XQNnWipeGlMFxpezR9kNY=}
    engines: {node: ^8.16.0 || ^10.6.0 || >=11.0.0}
    os: [darwin]

  get-caller-file@2.0.5:
    resolution: {integrity: sha1-T5RBKoLbMvNuOwuXQfipf+sDH34=}
    engines: {node: 6.* || 8.* || >= 10.*}

  get-tsconfig@4.8.1:
    resolution: {integrity: sha1-iZXrORrm4WONJREYx7Vt5+tCVHE=}

  glob-parent@5.1.2:
    resolution: {integrity: sha1-hpgyxYA0/mikCTwX3BXoNA2EAcQ=}
    engines: {node: '>= 6'}

  glob-parent@6.0.2:
    resolution: {integrity: sha1-bSN9mQg5UMeSkPJMdkKj3poo+eM=}
    engines: {node: '>=10.13.0'}

  glob@8.1.0:
    resolution: {integrity: sha1-04j2Vlk+9wjuPjRkD9+5mp/Rwz4=}
    engines: {node: '>=12'}
    deprecated: Glob versions prior to v9 are no longer supported

  globals@14.0.0:
    resolution: {integrity: sha1-iY10E8Kbq89rr+Vvyt3thYrack4=}
    engines: {node: '>=18'}

  globals@15.14.0:
    resolution: {integrity: sha1-uP06iUH/O0048zGdQzthu7SC5z8=}
    engines: {node: '>=18'}

  globby@11.1.0:
    resolution: {integrity: sha1-vUvpi7BC+D15b344EZkfvoKg00s=}
    engines: {node: '>=10'}

  graceful-fs@4.2.11:
    resolution: {integrity: sha1-QYPk6L8Iu24Fu7L30uDI9xLKQOM=}

  has-flag@4.0.0:
    resolution: {integrity: sha1-lEdx/ZyByBJlxNaUGGDaBrtZR5s=}
    engines: {node: '>=8'}

  he@1.2.0:
    resolution: {integrity: sha1-hK5l+n6vsWX922FWauFLrwVmTw8=}
    hasBin: true

  ignore@5.3.2:
    resolution: {integrity: sha1-PNQOcp82Q/2HywTlC/DrcivFlvU=}
    engines: {node: '>= 4'}

  import-fresh@3.3.0:
    resolution: {integrity: sha1-NxYsJfy566oublPVtNiM4X2eDCs=}
    engines: {node: '>=6'}

  imurmurhash@0.1.4:
    resolution: {integrity: sha1-khi5srkoojixPcT7a21XbyMUU+o=}
    engines: {node: '>=0.8.19'}

  inflight@1.0.6:
    resolution: {integrity: sha1-Sb1jMdfQLQwJvJEKEHW6gWW1bfk=}
    deprecated: This module is not supported, and leaks memory. Do not use it. Check out lru-cache if you want a good and tested way to coalesce async requests by a key value, which is much more comprehensive and powerful.

  inherits@2.0.4:
    resolution: {integrity: sha1-D6LGT5MpF8NDOg3tVTY6rjdBa3w=}

  is-arrayish@0.2.1:
    resolution: {integrity: sha1-d8mYQFJ6qOyxqLppe4BkWnqSap0=}

  is-binary-path@2.1.0:
    resolution: {integrity: sha1-6h9/O4DwZCNug0cPhsCcJU+0Wwk=}
    engines: {node: '>=8'}

  is-extglob@2.1.1:
    resolution: {integrity: sha1-qIwCU1eR8C7TfHahueqXc8gz+MI=}
    engines: {node: '>=0.10.0'}

  is-fullwidth-code-point@3.0.0:
    resolution: {integrity: sha1-8Rb4Bk/pCz94RKOJl8C3UFEmnx0=}
    engines: {node: '>=8'}

  is-glob@4.0.3:
    resolution: {integrity: sha1-ZPYeQsu7LuwgcanawLKLoeZdUIQ=}
    engines: {node: '>=0.10.0'}

  is-number@7.0.0:
    resolution: {integrity: sha1-dTU0W4lnNNX4DE0GxQlVUnoU8Ss=}
    engines: {node: '>=0.12.0'}

  is-plain-obj@2.1.0:
    resolution: {integrity: sha1-ReQuN/zPH0Dajl927iFRWEDAkoc=}
    engines: {node: '>=8'}

  is-unicode-supported@0.1.0:
    resolution: {integrity: sha1-PybHaoCVk7Ur+i7LVxDtJ3m1Iqc=}
    engines: {node: '>=10'}

  isexe@2.0.0:
    resolution: {integrity: sha1-6PvzdNxVb/iUehDcsFctYz8s+hA=}

  jest-diff@29.7.0:
    resolution: {integrity: sha1-AXk0pm67fs9vIF6EaZvhCv1wRYo=}
    engines: {node: ^14.15.0 || ^16.10.0 || >=18.0.0}

  jest-get-type@29.6.3:
    resolution: {integrity: sha1-NvSZ/c6hl8EEWhJzGcBIFyOQj9E=}
    engines: {node: ^14.15.0 || ^16.10.0 || >=18.0.0}

  js-tokens@4.0.0:
    resolution: {integrity: sha1-GSA/tZmR35jjoocFDUZHzerzJJk=}

  js-yaml@4.1.0:
    resolution: {integrity: sha1-wftl+PUBeQHN0slRhkuhhFihBgI=}
    hasBin: true

  json-buffer@3.0.1:
    resolution: {integrity: sha1-kziAKjDTtmBfvgYT4JQAjKjAWhM=}

  json-parse-even-better-errors@2.3.1:
    resolution: {integrity: sha1-fEeAWpQxmSjgV3dAXcEuH3pO4C0=}

  json-parse-even-better-errors@3.0.2:
    resolution: {integrity: sha1-tD016JwPO+a1+76dxsgkZ7MMKNo=}
    engines: {node: ^14.17.0 || ^16.13.0 || >=18.0.0}

  json-schema-traverse@0.4.1:
    resolution: {integrity: sha1-afaofZUTq4u4/mO9sJecRI5oRmA=}

  json-schema-traverse@1.0.0:
    resolution: {integrity: sha1-rnvLNlard6c7pcSb9lTzjmtoYOI=}

  json-stable-stringify-without-jsonify@1.0.1:
    resolution: {integrity: sha1-nbe1lJatPzz+8wp1FC0tkwrXJlE=}

  keyv@4.5.4:
    resolution: {integrity: sha1-qHmpnilFL5QkOfKkBeOvizHU3pM=}

  levn@0.4.1:
    resolution: {integrity: sha1-rkViwAdHO5MqYgDUAyaN0v/8at4=}
    engines: {node: '>= 0.8.0'}

  lines-and-columns@1.2.4:
    resolution: {integrity: sha1-7KKE910pZQeTCdwK2SVauy68FjI=}

  locate-path@6.0.0:
    resolution: {integrity: sha1-VTIeswn+u8WcSAHZMackUqaB0oY=}
    engines: {node: '>=10'}

  lodash.merge@4.6.2:
    resolution: {integrity: sha1-VYqlO0O2YeGSWgr9+japoQhf5Xo=}

  log-symbols@4.1.0:
    resolution: {integrity: sha1-P727lbRoOsn8eFER55LlWNSr1QM=}
    engines: {node: '>=10'}

  lower-case@2.0.2:
    resolution: {integrity: sha1-b6I3xj29xKgsoP2ILkci3F5jTig=}

  markdown-table@3.0.4:
    resolution: {integrity: sha1-/kTW1BD/nW8uoXl6P2CqTStjHCo=}

  memorystream@0.3.1:
    resolution: {integrity: sha1-htcJCzDORV1j+64S3aUaR93K+bI=}
    engines: {node: '>= 0.10.0'}

  merge2@1.4.1:
    resolution: {integrity: sha1-Q2iJL4hekHRVpv19xVwMnUBJkK4=}
    engines: {node: '>= 8'}

  micromatch@4.0.8:
    resolution: {integrity: sha1-1m+hjzpHB2eJMgubGvMr2G2fogI=}
    engines: {node: '>=8.6'}

  minimatch@3.1.2:
    resolution: {integrity: sha1-Gc0ZS/0+Qo8EmnCBfAONiatL41s=}

  minimatch@5.1.6:
    resolution: {integrity: sha1-HPy4z1Ui6mmVLNKvla4JR38SKpY=}
    engines: {node: '>=10'}

  minimatch@9.0.5:
    resolution: {integrity: sha1-10+d1rV9g9jpjPuCEzsDl4vJKeU=}
    engines: {node: '>=16 || 14 >=14.17'}

  mocha@10.8.2:
    resolution: {integrity: sha1-jYNC0BbtQRsSpCnrcxuCX5Ya+5Y=}
    engines: {node: '>= 14.0.0'}
    hasBin: true

  ms@2.1.3:
    resolution: {integrity: sha1-V0yBOM4dK1hh8LRFedut1gxmFbI=}

  natural-compare@1.4.0:
    resolution: {integrity: sha1-Sr6/7tdUHywnrPspvbvRXI1bpPc=}

  no-case@3.0.4:
    resolution: {integrity: sha1-02H9XJgA9VhVGoNp/A3NRmK2Ek0=}

  normalize-path@3.0.0:
    resolution: {integrity: sha1-Dc1p/yOhybEf0JeDFmRKA4ghamU=}
    engines: {node: '>=0.10.0'}

  npm-normalize-package-bin@3.0.1:
    resolution: {integrity: sha1-JUR+Mqmn3h9RNixhpVkjO4mUeDI=}
    engines: {node: ^14.17.0 || ^16.13.0 || >=18.0.0}

  npm-run-all2@6.2.6:
    resolution: {integrity: sha1-U9xKhxyfWrrojR0g/8nx2tBldPY=}
    engines: {node: ^14.18.0 || ^16.13.0 || >=18.0.0, npm: '>= 8'}
    hasBin: true

  once@1.4.0:
    resolution: {integrity: sha1-WDsap3WWHUsROsF9nFC6753Xa9E=}

  optionator@0.9.4:
    resolution: {integrity: sha1-fqHBpdkddk+yghOciP4R4YKjpzQ=}
    engines: {node: '>= 0.8.0'}

  p-limit@3.1.0:
    resolution: {integrity: sha1-4drMvnjQ0TiMoYxk/qOOPlfjcGs=}
    engines: {node: '>=10'}

  p-locate@5.0.0:
    resolution: {integrity: sha1-g8gxXGeFAF470CGDlBHJ4RDm2DQ=}
    engines: {node: '>=10'}

  parent-module@1.0.1:
    resolution: {integrity: sha1-aR0nCeeMefrjoVZiJFLQB2LKqqI=}
    engines: {node: '>=6'}

  parse-json@5.2.0:
    resolution: {integrity: sha1-x2/Gbe5UIxyWKyK8yKcs8vmXU80=}
    engines: {node: '>=8'}

  path-exists@4.0.0:
    resolution: {integrity: sha1-UTvb4tO5XXdi6METfvoZXGxhtbM=}
    engines: {node: '>=8'}

  path-key@3.1.1:
    resolution: {integrity: sha1-WB9q3mWMu6ZaDTOA3ndTKVBU83U=}
    engines: {node: '>=8'}

  path-type@4.0.0:
    resolution: {integrity: sha1-hO0BwKe6OAr+CdkKjBgNzZ0DBDs=}
    engines: {node: '>=8'}

  picocolors@1.1.1:
    resolution: {integrity: sha1-PTIa8+q5ObCDyPkpodEs2oHCa2s=}

  picomatch@2.3.1:
    resolution: {integrity: sha1-O6ODNzNkbZ0+SZWUbBNlpn+wekI=}
    engines: {node: '>=8.6'}

  pidtree@0.6.0:
    resolution: {integrity: sha1-kK17bULVhB5p4KJBnvOPiIOqBXw=}
    engines: {node: '>=0.10'}
    hasBin: true

  prelude-ls@1.2.1:
    resolution: {integrity: sha1-3rxkidem5rDnYRiIzsiAM30xY5Y=}
    engines: {node: '>= 0.8.0'}

  pretty-format@29.7.0:
    resolution: {integrity: sha1-ykLHWDEPNlv6caC9oKgHFgt3aBI=}
    engines: {node: ^14.15.0 || ^16.10.0 || >=18.0.0}

  punycode@2.3.1:
    resolution: {integrity: sha1-AnQi4vrsCyXhVJw+G9gwm5EztuU=}
    engines: {node: '>=6'}

  queue-microtask@1.2.3:
    resolution: {integrity: sha1-SSkii7xyTfrEPg77BYyve2z7YkM=}

  randombytes@2.1.0:
    resolution: {integrity: sha1-32+ENy8CcNxlzfYpE0mrekc9Tyo=}

  react-is@18.3.1:
    resolution: {integrity: sha1-6DVX3BLq5jqZ4AOkY4ix3LtE234=}

  read-package-json-fast@3.0.2:
    resolution: {integrity: sha1-OUkIqXJdx6XxTnDI51Vt/x0rEEk=}
    engines: {node: ^14.17.0 || ^16.13.0 || >=18.0.0}

  readdirp@3.6.0:
    resolution: {integrity: sha1-dKNwvYVxFuJFspzJc0DNQxoCpsc=}
    engines: {node: '>=8.10.0'}

  require-directory@2.1.1:
    resolution: {integrity: sha1-jGStX9MNqxyXbiNE/+f3kqam30I=}
    engines: {node: '>=0.10.0'}

  require-from-string@2.0.2:
    resolution: {integrity: sha1-iaf92TgmEmcxjq/hT5wy5ZjDaQk=}
    engines: {node: '>=0.10.0'}

  requireindex@1.2.0:
    resolution: {integrity: sha1-NGPNsi7hUZAmNapslTXU3pwu8e8=}
    engines: {node: '>=0.10.5'}

  resolve-from@4.0.0:
    resolution: {integrity: sha1-SrzYUq0y3Xuqv+m0DgCjbbXzkuY=}
    engines: {node: '>=4'}

  resolve-pkg-maps@1.0.0:
    resolution: {integrity: sha1-YWs9wsVwVrVYjDHN9LPWTbEzcg8=}

  reusify@1.0.4:
    resolution: {integrity: sha1-kNo4Kx4SbvwCFG6QhFqI2xKSXXY=}
    engines: {iojs: '>=1.0.0', node: '>=0.10.0'}

  run-parallel@1.2.0:
    resolution: {integrity: sha1-ZtE2jae9+SHrnZW9GpIp5/IaQ+4=}

  safe-buffer@5.2.1:
    resolution: {integrity: sha1-Hq+fqb2x/dTsdfWPnNtOa3gn7sY=}

  semver@7.6.3:
    resolution: {integrity: sha1-mA97VVC8F1+03AlAMIVif56zMUM=}
    engines: {node: '>=10'}
    hasBin: true

  serialize-javascript@6.0.2:
    resolution: {integrity: sha1-3voeBVyDv21Z6oBdjahiJU62psI=}

  shebang-command@2.0.0:
    resolution: {integrity: sha1-zNCvT4g1+9wmW4JGGq8MNmY/NOo=}
    engines: {node: '>=8'}

  shebang-regex@3.0.0:
    resolution: {integrity: sha1-rhbxZE2HPsrYQ7AwexQzYtTEIXI=}
    engines: {node: '>=8'}

  shell-quote@1.8.2:
    resolution: {integrity: sha1-0tg+BXlZ1T7CYTEenpuPUdyyk0o=}
    engines: {node: '>= 0.4'}

  slash@3.0.0:
    resolution: {integrity: sha1-ZTm+hwwWWtvVJAIg2+Nh8bxNRjQ=}
    engines: {node: '>=8'}

  string-width@4.2.3:
    resolution: {integrity: sha1-JpxxF9J7Ba0uU2gwqOyJXvnG0BA=}
    engines: {node: '>=8'}

  strip-ansi@6.0.1:
    resolution: {integrity: sha1-nibGPTD1NEPpSJSVshBdN7Z6hdk=}
    engines: {node: '>=8'}

  strip-json-comments@3.1.1:
    resolution: {integrity: sha1-MfEoGzgyYwQ0gxwxDAHMzajL4AY=}
    engines: {node: '>=8'}

  supports-color@7.2.0:
    resolution: {integrity: sha1-G33NyzK4E4gBs+R4umpRyqiWSNo=}
    engines: {node: '>=8'}

  supports-color@8.1.1:
    resolution: {integrity: sha1-zW/BfihQDP9WwbhsCn/UpUpzAFw=}
    engines: {node: '>=10'}

  tapable@2.2.1:
    resolution: {integrity: sha1-GWenPvQGCoLxKrlq+G1S/bdu7KA=}
    engines: {node: '>=6'}

  to-regex-range@5.0.1:
    resolution: {integrity: sha1-FkjESq58jZiKMmAY7XL1tN0DkuQ=}
    engines: {node: '>=8.0'}

  tslib@1.14.1:
    resolution: {integrity: sha1-zy04vcNKE0vK8QkcQfZhni9nLQA=}

  tslib@2.8.1:
    resolution: {integrity: sha1-YS7+TtI11Wfoq6Xypfq3AoCt6D8=}

  tsutils@3.21.0:
    resolution: {integrity: sha1-tIcX05TOpsHglpg+7Vjp1hcVtiM=}
    engines: {node: '>= 6'}
    peerDependencies:
      typescript: '>=2.8.0 || >= 3.2.0-dev || >= 3.3.0-dev || >= 3.4.0-dev || >= 3.5.0-dev || >= 3.6.0-dev || >= 3.6.0-beta || >= 3.7.0-dev || >= 3.7.0-beta'

  type-check@0.4.0:
    resolution: {integrity: sha1-B7ggO/pwVsBlcFDjzNLDdzC6uPE=}
    engines: {node: '>= 0.8.0'}

  type-fest@2.19.0:
    resolution: {integrity: sha1-iAaAFbszA2pZi5UuVekxGmD9Ops=}
    engines: {node: '>=12.20'}

  type-fest@3.13.1:
    resolution: {integrity: sha1-u3RMHwZ4vqdUOi0ewk6D5o6MhwY=}
    engines: {node: '>=14.16'}

  typescript@5.7.2:
    resolution: {integrity: sha1-MWnPjEyKgozeU7qeyz0rHV3We+Y=}
    engines: {node: '>=14.17'}
    hasBin: true

  uri-js@4.4.1:
    resolution: {integrity: sha1-mxpSWVIlhZ5V9mnZKPiMbFfyp34=}

  which@2.0.2:
    resolution: {integrity: sha1-fGqN0KY2oDJ+ELWckobu6T8/UbE=}
    engines: {node: '>= 8'}
    hasBin: true

  which@3.0.1:
    resolution: {integrity: sha1-ifHNDCP2KagQX/5puBcnkch7S+E=}
    engines: {node: ^14.17.0 || ^16.13.0 || >=18.0.0}
    hasBin: true

  word-wrap@1.2.5:
    resolution: {integrity: sha1-0sRcbdT7zmIaZvE2y+Mor9BBCzQ=}
    engines: {node: '>=0.10.0'}

  workerpool@6.5.1:
    resolution: {integrity: sha1-Bg9zs50Mr5fG22TaAEzQG0wJlUQ=}

  wrap-ansi@7.0.0:
    resolution: {integrity: sha1-Z+FFz/UQpqaYS98RUpEdadLrnkM=}
    engines: {node: '>=10'}

  wrappy@1.0.2:
    resolution: {integrity: sha1-tSQ9jz7BqjXxNkYFvA0QNuMKtp8=}

  y18n@5.0.8:
    resolution: {integrity: sha1-f0k00PfKjFb5UxSTndzS3ZHOHVU=}
    engines: {node: '>=10'}

  yargs-parser@20.2.9:
    resolution: {integrity: sha1-LrfcOwKJcY/ClfNidThFxBoMlO4=}
    engines: {node: '>=10'}

  yargs-unparser@2.0.0:
    resolution: {integrity: sha1-8TH5ImkRrl2a04xDL+gJNmwjJes=}
    engines: {node: '>=10'}

  yargs@16.2.0:
    resolution: {integrity: sha1-HIK/D2tqZur85+8w43b0mhJHf2Y=}
    engines: {node: '>=10'}

  yocto-queue@0.1.0:
    resolution: {integrity: sha1-ApTrPe4FAo0x7hpfosVWpqrxChs=}
    engines: {node: '>=10'}

snapshots:

  '@babel/code-frame@7.26.2':
    dependencies:
      '@babel/helper-validator-identifier': 7.25.9
      js-tokens: 4.0.0
      picocolors: 1.1.1

  '@babel/helper-validator-identifier@7.25.9': {}

  '@eslint-community/eslint-utils@4.4.1(eslint@9.17.0)':
    dependencies:
      eslint: 9.17.0
      eslint-visitor-keys: 3.4.3

  '@eslint-community/regexpp@4.12.1': {}

  '@eslint/config-array@0.19.1':
    dependencies:
      '@eslint/object-schema': 2.1.5
      debug: 4.4.0(supports-color@8.1.1)
      minimatch: 3.1.2
    transitivePeerDependencies:
      - supports-color

  '@eslint/core@0.9.1':
    dependencies:
      '@types/json-schema': 7.0.15

  '@eslint/eslintrc@3.2.0':
    dependencies:
      ajv: 6.12.6
      debug: 4.4.0(supports-color@8.1.1)
      espree: 10.3.0
      globals: 14.0.0
      ignore: 5.3.2
      import-fresh: 3.3.0
      js-yaml: 4.1.0
      minimatch: 3.1.2
      strip-json-comments: 3.1.1
    transitivePeerDependencies:
      - supports-color

  '@eslint/js@9.17.0': {}

  '@eslint/object-schema@2.1.5': {}

  '@eslint/plugin-kit@0.2.4':
    dependencies:
      levn: 0.4.1

  '@humanfs/core@0.19.1': {}

  '@humanfs/node@0.16.6':
    dependencies:
      '@humanfs/core': 0.19.1
      '@humanwhocodes/retry': 0.3.1

  '@humanwhocodes/module-importer@1.0.1': {}

  '@humanwhocodes/retry@0.3.1': {}

  '@humanwhocodes/retry@0.4.1': {}

  '@jest/schemas@29.6.3':
    dependencies:
      '@sinclair/typebox': 0.27.8

  '@nodelib/fs.scandir@2.1.5':
    dependencies:
      '@nodelib/fs.stat': 2.0.5
      run-parallel: 1.2.0

  '@nodelib/fs.stat@2.0.5': {}

  '@nodelib/fs.walk@1.2.8':
    dependencies:
      '@nodelib/fs.scandir': 2.1.5
      fastq: 1.18.0

  '@sinclair/typebox@0.27.8': {}

  '@types/estree@1.0.6': {}

  '@types/json-schema@7.0.15': {}

  '@types/semver@7.5.8': {}

  '@typescript-eslint/scope-manager@5.62.0':
    dependencies:
      '@typescript-eslint/types': 5.62.0
      '@typescript-eslint/visitor-keys': 5.62.0

  '@typescript-eslint/types@5.62.0': {}

  '@typescript-eslint/typescript-estree@5.62.0(typescript@5.7.2)':
    dependencies:
      '@typescript-eslint/types': 5.62.0
      '@typescript-eslint/visitor-keys': 5.62.0
      debug: 4.4.0(supports-color@8.1.1)
      globby: 11.1.0
      is-glob: 4.0.3
      semver: 7.6.3
      tsutils: 3.21.0(typescript@5.7.2)
    optionalDependencies:
      typescript: 5.7.2
    transitivePeerDependencies:
      - supports-color

  '@typescript-eslint/utils@5.62.0(eslint@9.17.0)(typescript@5.7.2)':
    dependencies:
      '@eslint-community/eslint-utils': 4.4.1(eslint@9.17.0)
      '@types/json-schema': 7.0.15
      '@types/semver': 7.5.8
      '@typescript-eslint/scope-manager': 5.62.0
      '@typescript-eslint/types': 5.62.0
      '@typescript-eslint/typescript-estree': 5.62.0(typescript@5.7.2)
      eslint: 9.17.0
      eslint-scope: 5.1.1
      semver: 7.6.3
    transitivePeerDependencies:
      - supports-color
      - typescript

  '@typescript-eslint/visitor-keys@5.62.0':
    dependencies:
      '@typescript-eslint/types': 5.62.0
      eslint-visitor-keys: 3.4.3

  acorn-jsx@5.3.2(acorn@8.14.0):
    dependencies:
      acorn: 8.14.0

  acorn@8.14.0: {}

  ajv@6.12.6:
    dependencies:
      fast-deep-equal: 3.1.3
      fast-json-stable-stringify: 2.1.0
      json-schema-traverse: 0.4.1
      uri-js: 4.4.1

  ajv@8.17.1:
    dependencies:
      fast-deep-equal: 3.1.3
      fast-uri: 3.0.3
      json-schema-traverse: 1.0.0
      require-from-string: 2.0.2

  ansi-colors@4.1.3: {}

  ansi-regex@5.0.1: {}

  ansi-styles@4.3.0:
    dependencies:
      color-convert: 2.0.1

  ansi-styles@5.2.0: {}

  ansi-styles@6.2.1: {}

  anymatch@3.1.3:
    dependencies:
      normalize-path: 3.0.0
      picomatch: 2.3.1

  argparse@2.0.1: {}

  array-union@2.1.0: {}

  balanced-match@1.0.2: {}

  binary-extensions@2.3.0: {}

  boolean@3.2.0: {}

  brace-expansion@1.1.11:
    dependencies:
      balanced-match: 1.0.2
      concat-map: 0.0.1

  brace-expansion@2.0.1:
    dependencies:
      balanced-match: 1.0.2

  braces@3.0.3:
    dependencies:
      fill-range: 7.1.1

  browser-stdout@1.3.1: {}

  callsites@3.1.0: {}

  camelcase@6.3.0: {}

  chalk@4.1.2:
    dependencies:
      ansi-styles: 4.3.0
      supports-color: 7.2.0

  chokidar@3.6.0:
    dependencies:
      anymatch: 3.1.3
      braces: 3.0.3
      glob-parent: 5.1.2
      is-binary-path: 2.1.0
      is-glob: 4.0.3
      normalize-path: 3.0.0
      readdirp: 3.6.0
    optionalDependencies:
      fsevents: 2.3.3

  cliui@7.0.4:
    dependencies:
      string-width: 4.2.3
      strip-ansi: 6.0.1
      wrap-ansi: 7.0.0

  color-convert@2.0.1:
    dependencies:
      color-name: 1.1.4

  color-name@1.1.4: {}

  commander@10.0.1: {}

  concat-map@0.0.1: {}

  cosmiconfig@8.3.6(typescript@5.7.2):
    dependencies:
      import-fresh: 3.3.0
      js-yaml: 4.1.0
      parse-json: 5.2.0
      path-type: 4.0.0
    optionalDependencies:
      typescript: 5.7.2

  cross-spawn@7.0.6:
    dependencies:
      path-key: 3.1.1
      shebang-command: 2.0.0
      which: 2.0.2

  debug@4.4.0(supports-color@8.1.1):
    dependencies:
      ms: 2.1.3
    optionalDependencies:
      supports-color: 8.1.1

  decamelize@4.0.0: {}

  deep-is@0.1.4: {}

  deepmerge@4.3.1: {}

  diff-sequences@29.6.3: {}

  diff@5.2.0: {}

  dir-glob@3.0.1:
    dependencies:
      path-type: 4.0.0

  dot-prop@7.2.0:
    dependencies:
      type-fest: 2.19.0

  emoji-regex@8.0.0: {}

  enhanced-resolve@5.18.0:
    dependencies:
      graceful-fs: 4.2.11
      tapable: 2.2.1

  error-ex@1.3.2:
    dependencies:
      is-arrayish: 0.2.1

  escalade@3.2.0: {}

  escape-string-regexp@4.0.0: {}

  eslint-compat-utils@0.5.1(eslint@9.17.0):
    dependencies:
      eslint: 9.17.0
      semver: 7.6.3

  eslint-doc-generator@1.7.1(eslint@9.17.0)(typescript@5.7.2):
    dependencies:
      '@typescript-eslint/utils': 5.62.0(eslint@9.17.0)(typescript@5.7.2)
      ajv: 8.17.1
      boolean: 3.2.0
      commander: 10.0.1
      cosmiconfig: 8.3.6(typescript@5.7.2)
      deepmerge: 4.3.1
      dot-prop: 7.2.0
      eslint: 9.17.0
      jest-diff: 29.7.0
      json-schema-traverse: 1.0.0
      markdown-table: 3.0.4
      no-case: 3.0.4
      type-fest: 3.13.1
    transitivePeerDependencies:
      - supports-color
      - typescript

  eslint-plugin-es-x@7.8.0(eslint@9.17.0):
    dependencies:
      '@eslint-community/eslint-utils': 4.4.1(eslint@9.17.0)
      '@eslint-community/regexpp': 4.12.1
      eslint: 9.17.0
      eslint-compat-utils: 0.5.1(eslint@9.17.0)

  eslint-plugin-eslint-plugin@6.4.0(eslint@9.17.0):
    dependencies:
      '@eslint-community/eslint-utils': 4.4.1(eslint@9.17.0)
      eslint: 9.17.0
      estraverse: 5.3.0

  eslint-plugin-n@17.15.0(eslint@9.17.0):
    dependencies:
      '@eslint-community/eslint-utils': 4.4.1(eslint@9.17.0)
      enhanced-resolve: 5.18.0
      eslint: 9.17.0
      eslint-plugin-es-x: 7.8.0(eslint@9.17.0)
      get-tsconfig: 4.8.1
      globals: 15.14.0
      ignore: 5.3.2
      minimatch: 9.0.5
      semver: 7.6.3

  eslint-scope@5.1.1:
    dependencies:
      esrecurse: 4.3.0
      estraverse: 4.3.0

  eslint-scope@8.2.0:
    dependencies:
      esrecurse: 4.3.0
      estraverse: 5.3.0

  eslint-visitor-keys@3.4.3: {}

  eslint-visitor-keys@4.2.0: {}

  eslint@9.17.0:
    dependencies:
      '@eslint-community/eslint-utils': 4.4.1(eslint@9.17.0)
      '@eslint-community/regexpp': 4.12.1
      '@eslint/config-array': 0.19.1
      '@eslint/core': 0.9.1
      '@eslint/eslintrc': 3.2.0
      '@eslint/js': 9.17.0
      '@eslint/plugin-kit': 0.2.4
      '@humanfs/node': 0.16.6
      '@humanwhocodes/module-importer': 1.0.1
      '@humanwhocodes/retry': 0.4.1
      '@types/estree': 1.0.6
      '@types/json-schema': 7.0.15
      ajv: 6.12.6
      chalk: 4.1.2
      cross-spawn: 7.0.6
      debug: 4.4.0(supports-color@8.1.1)
      escape-string-regexp: 4.0.0
      eslint-scope: 8.2.0
      eslint-visitor-keys: 4.2.0
      espree: 10.3.0
      esquery: 1.6.0
      esutils: 2.0.3
      fast-deep-equal: 3.1.3
      file-entry-cache: 8.0.0
      find-up: 5.0.0
      glob-parent: 6.0.2
      ignore: 5.3.2
      imurmurhash: 0.1.4
      is-glob: 4.0.3
      json-stable-stringify-without-jsonify: 1.0.1
      lodash.merge: 4.6.2
      minimatch: 3.1.2
      natural-compare: 1.4.0
      optionator: 0.9.4
    transitivePeerDependencies:
      - supports-color

  espree@10.3.0:
    dependencies:
      acorn: 8.14.0
      acorn-jsx: 5.3.2(acorn@8.14.0)
      eslint-visitor-keys: 4.2.0

  esquery@1.6.0:
    dependencies:
      estraverse: 5.3.0

  esrecurse@4.3.0:
    dependencies:
      estraverse: 5.3.0

  estraverse@4.3.0: {}

  estraverse@5.3.0: {}

  esutils@2.0.3: {}

  fast-deep-equal@3.1.3: {}

  fast-glob@3.3.2:
    dependencies:
      '@nodelib/fs.stat': 2.0.5
      '@nodelib/fs.walk': 1.2.8
      glob-parent: 5.1.2
      merge2: 1.4.1
      micromatch: 4.0.8

  fast-json-stable-stringify@2.1.0: {}

  fast-levenshtein@2.0.6: {}

  fast-uri@3.0.3: {}

  fastq@1.18.0:
    dependencies:
      reusify: 1.0.4

  file-entry-cache@8.0.0:
    dependencies:
      flat-cache: 4.0.1

  fill-range@7.1.1:
    dependencies:
      to-regex-range: 5.0.1

  find-up@5.0.0:
    dependencies:
      locate-path: 6.0.0
      path-exists: 4.0.0

  flat-cache@4.0.1:
    dependencies:
      flatted: 3.3.2
      keyv: 4.5.4

  flat@5.0.2: {}

  flatted@3.3.2: {}

  fs.realpath@1.0.0: {}

  fsevents@2.3.3:
    optional: true

  get-caller-file@2.0.5: {}

  get-tsconfig@4.8.1:
    dependencies:
      resolve-pkg-maps: 1.0.0

  glob-parent@5.1.2:
    dependencies:
      is-glob: 4.0.3

  glob-parent@6.0.2:
    dependencies:
      is-glob: 4.0.3

  glob@8.1.0:
    dependencies:
      fs.realpath: 1.0.0
      inflight: 1.0.6
      inherits: 2.0.4
      minimatch: 5.1.6
      once: 1.4.0

  globals@14.0.0: {}

  globals@15.14.0: {}

  globby@11.1.0:
    dependencies:
      array-union: 2.1.0
      dir-glob: 3.0.1
      fast-glob: 3.3.2
      ignore: 5.3.2
      merge2: 1.4.1
      slash: 3.0.0

  graceful-fs@4.2.11: {}

  has-flag@4.0.0: {}

  he@1.2.0: {}

  ignore@5.3.2: {}

  import-fresh@3.3.0:
    dependencies:
      parent-module: 1.0.1
      resolve-from: 4.0.0

  imurmurhash@0.1.4: {}

  inflight@1.0.6:
    dependencies:
      once: 1.4.0
      wrappy: 1.0.2

  inherits@2.0.4: {}

  is-arrayish@0.2.1: {}

  is-binary-path@2.1.0:
    dependencies:
      binary-extensions: 2.3.0

  is-extglob@2.1.1: {}

  is-fullwidth-code-point@3.0.0: {}

  is-glob@4.0.3:
    dependencies:
      is-extglob: 2.1.1

  is-number@7.0.0: {}

  is-plain-obj@2.1.0: {}

  is-unicode-supported@0.1.0: {}

  isexe@2.0.0: {}

  jest-diff@29.7.0:
    dependencies:
      chalk: 4.1.2
      diff-sequences: 29.6.3
      jest-get-type: 29.6.3
      pretty-format: 29.7.0

  jest-get-type@29.6.3: {}

  js-tokens@4.0.0: {}

  js-yaml@4.1.0:
    dependencies:
      argparse: 2.0.1

  json-buffer@3.0.1: {}

  json-parse-even-better-errors@2.3.1: {}

  json-parse-even-better-errors@3.0.2: {}

  json-schema-traverse@0.4.1: {}

  json-schema-traverse@1.0.0: {}

  json-stable-stringify-without-jsonify@1.0.1: {}

  keyv@4.5.4:
    dependencies:
      json-buffer: 3.0.1

  levn@0.4.1:
    dependencies:
      prelude-ls: 1.2.1
      type-check: 0.4.0

  lines-and-columns@1.2.4: {}

  locate-path@6.0.0:
    dependencies:
      p-locate: 5.0.0

  lodash.merge@4.6.2: {}

  log-symbols@4.1.0:
    dependencies:
      chalk: 4.1.2
      is-unicode-supported: 0.1.0

  lower-case@2.0.2:
    dependencies:
      tslib: 2.8.1

  markdown-table@3.0.4: {}

  memorystream@0.3.1: {}

  merge2@1.4.1: {}

  micromatch@4.0.8:
    dependencies:
      braces: 3.0.3
      picomatch: 2.3.1

  minimatch@3.1.2:
    dependencies:
      brace-expansion: 1.1.11

  minimatch@5.1.6:
    dependencies:
      brace-expansion: 2.0.1

  minimatch@9.0.5:
    dependencies:
      brace-expansion: 2.0.1

  mocha@10.8.2:
    dependencies:
      ansi-colors: 4.1.3
      browser-stdout: 1.3.1
      chokidar: 3.6.0
      debug: 4.4.0(supports-color@8.1.1)
      diff: 5.2.0
      escape-string-regexp: 4.0.0
      find-up: 5.0.0
      glob: 8.1.0
      he: 1.2.0
      js-yaml: 4.1.0
      log-symbols: 4.1.0
      minimatch: 5.1.6
      ms: 2.1.3
      serialize-javascript: 6.0.2
      strip-json-comments: 3.1.1
      supports-color: 8.1.1
      workerpool: 6.5.1
      yargs: 16.2.0
      yargs-parser: 20.2.9
      yargs-unparser: 2.0.0

  ms@2.1.3: {}

  natural-compare@1.4.0: {}

  no-case@3.0.4:
    dependencies:
      lower-case: 2.0.2
      tslib: 2.8.1

  normalize-path@3.0.0: {}

  npm-normalize-package-bin@3.0.1: {}

  npm-run-all2@6.2.6:
    dependencies:
      ansi-styles: 6.2.1
      cross-spawn: 7.0.6
      memorystream: 0.3.1
      minimatch: 9.0.5
      pidtree: 0.6.0
      read-package-json-fast: 3.0.2
      shell-quote: 1.8.2
      which: 3.0.1

  once@1.4.0:
    dependencies:
      wrappy: 1.0.2

  optionator@0.9.4:
    dependencies:
      deep-is: 0.1.4
      fast-levenshtein: 2.0.6
      levn: 0.4.1
      prelude-ls: 1.2.1
      type-check: 0.4.0
      word-wrap: 1.2.5

  p-limit@3.1.0:
    dependencies:
      yocto-queue: 0.1.0

  p-locate@5.0.0:
    dependencies:
      p-limit: 3.1.0

  parent-module@1.0.1:
    dependencies:
      callsites: 3.1.0

  parse-json@5.2.0:
    dependencies:
      '@babel/code-frame': 7.26.2
      error-ex: 1.3.2
      json-parse-even-better-errors: 2.3.1
      lines-and-columns: 1.2.4

  path-exists@4.0.0: {}

  path-key@3.1.1: {}

  path-type@4.0.0: {}

  picocolors@1.1.1: {}

  picomatch@2.3.1: {}

  pidtree@0.6.0: {}

  prelude-ls@1.2.1: {}

  pretty-format@29.7.0:
    dependencies:
      '@jest/schemas': 29.6.3
      ansi-styles: 5.2.0
      react-is: 18.3.1

  punycode@2.3.1: {}

  queue-microtask@1.2.3: {}

  randombytes@2.1.0:
    dependencies:
      safe-buffer: 5.2.1

  react-is@18.3.1: {}

  read-package-json-fast@3.0.2:
    dependencies:
      json-parse-even-better-errors: 3.0.2
      npm-normalize-package-bin: 3.0.1

  readdirp@3.6.0:
    dependencies:
      picomatch: 2.3.1

  require-directory@2.1.1: {}

  require-from-string@2.0.2: {}

  requireindex@1.2.0: {}

  resolve-from@4.0.0: {}

  resolve-pkg-maps@1.0.0: {}

  reusify@1.0.4: {}

  run-parallel@1.2.0:
    dependencies:
      queue-microtask: 1.2.3

  safe-buffer@5.2.1: {}

  semver@7.6.3: {}

  serialize-javascript@6.0.2:
    dependencies:
      randombytes: 2.1.0

  shebang-command@2.0.0:
    dependencies:
      shebang-regex: 3.0.0

  shebang-regex@3.0.0: {}

  shell-quote@1.8.2: {}

  slash@3.0.0: {}

  string-width@4.2.3:
    dependencies:
      emoji-regex: 8.0.0
      is-fullwidth-code-point: 3.0.0
      strip-ansi: 6.0.1

  strip-ansi@6.0.1:
    dependencies:
      ansi-regex: 5.0.1

  strip-json-comments@3.1.1: {}

  supports-color@7.2.0:
    dependencies:
      has-flag: 4.0.0

  supports-color@8.1.1:
    dependencies:
      has-flag: 4.0.0

  tapable@2.2.1: {}

  to-regex-range@5.0.1:
    dependencies:
      is-number: 7.0.0

  tslib@1.14.1: {}

  tslib@2.8.1: {}

  tsutils@3.21.0(typescript@5.7.2):
    dependencies:
      tslib: 1.14.1
      typescript: 5.7.2

  type-check@0.4.0:
    dependencies:
      prelude-ls: 1.2.1

  type-fest@2.19.0: {}

  type-fest@3.13.1: {}

  typescript@5.7.2: {}

  uri-js@4.4.1:
    dependencies:
      punycode: 2.3.1

  which@2.0.2:
    dependencies:
      isexe: 2.0.0

  which@3.0.1:
    dependencies:
      isexe: 2.0.0

  word-wrap@1.2.5: {}

  workerpool@6.5.1: {}

  wrap-ansi@7.0.0:
    dependencies:
      ansi-styles: 4.3.0
      string-width: 4.2.3
      strip-ansi: 6.0.1

  wrappy@1.0.2: {}

  y18n@5.0.8: {}

  yargs-parser@20.2.9: {}

  yargs-unparser@2.0.0:
    dependencies:
      camelcase: 6.3.0
      decamelize: 4.0.0
      flat: 5.0.2
      is-plain-obj: 2.1.0

  yargs@16.2.0:
    dependencies:
      cliui: 7.0.4
      escalade: 3.2.0
      get-caller-file: 2.0.5
      require-directory: 2.1.1
      string-width: 4.2.3
      y18n: 5.0.8
      yargs-parser: 20.2.9

  yocto-queue@0.1.0: {}
